
Microsoft Visual Studio Solution File, Format Version 12.00
# Visual Studio 15
VisualStudioVersion = 15.0.26430.13
MinimumVisualStudioVersion = 10.0.40219.1
Project("{FAE04EC0-301F-11D3-BF4B-00C04F79EFBC}") = "Zakupy.Core", "Zakupy.Core\Zakupy.Core.csproj", "{AC74826B-EAFA-473B-951B-334C7ABC0114}"
EndProject
Project("{FAE04EC0-301F-11D3-BF4B-00C04F79EFBC}") = "Zakupy.Droid", "Zakupy.Droid\Zakupy.Droid.csproj", "{1F22D42C-D3BE-4D41-999D-CCF97DAB876C}"
EndProject
Project("{FAE04EC0-301F-11D3-BF4B-00C04F79EFBC}") = "Zakupy.Test", "Zakupy.Test\Zakupy.Test.csproj", "{FC9E3197-706A-4B85-B1F9-9706EE60DCE7}"
EndProject
Global
	GlobalSection(SolutionConfigurationPlatforms) = preSolution
		Debug|Any CPU = Debug|Any CPU
		Release|Any CPU = Release|Any CPU
	EndGlobalSection
	GlobalSection(ProjectConfigurationPlatforms) = postSolution
		{AC74826B-EAFA-473B-951B-334C7ABC0114}.Debug|Any CPU.ActiveCfg = Debug|Any CPU
		{AC74826B-EAFA-473B-951B-334C7ABC0114}.Debug|Any CPU.Build.0 = Debug|Any CPU
		{AC74826B-EAFA-473B-951B-334C7ABC0114}.Release|Any CPU.ActiveCfg = Release|Any CPU
		{AC74826B-EAFA-473B-951B-334C7ABC0114}.Release|Any CPU.Build.0 = Release|Any CPU
		{1F22D42C-D3BE-4D41-999D-CCF97DAB876C}.Debug|Any CPU.ActiveCfg = Debug|Any CPU
		{1F22D42C-D3BE-4D41-999D-CCF97DAB876C}.Debug|Any CPU.Build.0 = Debug|Any CPU
		{1F22D42C-D3BE-4D41-999D-CCF97DAB876C}.Debug|Any CPU.Deploy.0 = Debug|Any CPU
		{1F22D42C-D3BE-4D41-999D-CCF97DAB876C}.Release|Any CPU.ActiveCfg = Release|Any CPU
		{1F22D42C-D3BE-4D41-999D-CCF97DAB876C}.Release|Any CPU.Build.0 = Release|Any CPU
		{1F22D42C-D3BE-4D41-999D-CCF97DAB876C}.Release|Any CPU.Deploy.0 = Release|Any CPU
		{FC9E3197-706A-4B85-B1F9-9706EE60DCE7}.Debug|Any CPU.ActiveCfg = Debug|Any CPU
		{FC9E3197-706A-4B85-B1F9-9706EE60DCE7}.Debug|Any CPU.Build.0 = Debug|Any CPU
		{FC9E3197-706A-4B85-B1F9-9706EE60DCE7}.Release|Any CPU.ActiveCfg = Release|Any CPU
		{FC9E3197-706A-4B85-B1F9-9706EE60DCE7}.Release|Any CPU.Build.0 = Release|Any CPU
	EndGlobalSection
	GlobalSection(SolutionProperties) = preSolution
		HideSolutionNode = FALSE
	EndGlobalSection
EndGlobal
